{
  "name": "skripsi-test",
  "version": "1.0.0",
  "lockfileVersion": 3,
  "requires": true,
  "packages": {
    "": {
      "name": "skripsi-test",
      "version": "1.0.0",
      "license": "ISC",
      "dependencies": {
        "graphology": "^0.25.4",
        "graphology-components": "^1.5.4",
        "graphology-traversal": "^0.3.1",
        "ngraph.pagerank": "^2.1.1"
      }
    },
    "node_modules/dotparser": {
      "version": "1.1.1",
      "resolved": "https://registry.npmjs.org/dotparser/-/dotparser-1.1.1.tgz",
      "integrity": "sha512-8ojhUts0HbLnXJgjTiJOddwVVBUk6hg4SJ5kGiuhzgK/f+y79TiWvICwx1oCWlVbBC8YI3nEaIQg9fjGYbGBXw=="
    },
    "node_modules/events": {
      "version": "3.3.0",
      "resolved": "https://registry.npmjs.org/events/-/events-3.3.0.tgz",
      "integrity": "sha512-mQw+2fkQbALzQ7V0MY0IqdnXNOeTtP4r0lN9z7AAawCXgqea7bDii20AYrIBrFd/Hx0M2Ocz6S111CaFkUcb0Q==",
      "engines": {
        "node": ">=0.8.x"
      }
    },
    "node_modules/graphology": {
      "version": "0.25.4",
      "resolved": "https://registry.npmjs.org/graphology/-/graphology-0.25.4.tgz",
      "integrity": "sha512-33g0Ol9nkWdD6ulw687viS8YJQBxqG5LWII6FI6nul0pq6iM2t5EKquOTFDbyTblRB3O9I+7KX4xI8u5ffekAQ==",
      "dependencies": {
        "events": "^3.3.0",
        "obliterator": "^2.0.2"
      },
      "peerDependencies": {
        "graphology-types": ">=0.24.0"
      }
    },
    "node_modules/graphology-components": {
      "version": "1.5.4",
      "resolved": "https://registry.npmjs.org/graphology-components/-/graphology-components-1.5.4.tgz",
      "integrity": "sha512-O37vC226wgnN0C6FUWHNe4fbTzaF51CcQjwX3naId/QTzH/PkUtXaanCShj9ws5Vju+z4u3zvSeEZE84Bo9jlA==",
      "dependencies": {
        "graphology-indices": "^0.17.0",
        "graphology-utils": "^2.1.2"
      },
      "peerDependencies": {
        "graphology-types": ">=0.19.0"
      }
    },
    "node_modules/graphology-indices": {
      "version": "0.17.0",
      "resolved": "https://registry.npmjs.org/graphology-indices/-/graphology-indices-0.17.0.tgz",
      "integrity": "sha512-A7RXuKQvdqSWOpn7ZVQo4S33O0vCfPBnUSf7FwE0zNCasqwZVUaCXePuWo5HBpWw68KJcwObZDHpFk6HKH6MYQ==",
      "dependencies": {
        "graphology-utils": "^2.4.2",
        "mnemonist": "^0.39.0"
      },
      "peerDependencies": {
        "graphology-types": ">=0.20.0"
      }
    },
    "node_modules/graphology-traversal": {
      "version": "0.3.1",
      "resolved": "https://registry.npmjs.org/graphology-traversal/-/graphology-traversal-0.3.1.tgz",
      "integrity": "sha512-lGLrLKEDKtNgAKgHVhVftKf3cb/nuWwuVPQZHXRnN90JWn0RSjco/s+NB2ARSlMapEMlbnPgv6j++427yTnU3Q==",
      "dependencies": {
        "graphology-indices": "^0.17.0",
        "graphology-utils": "^2.0.0"
      },
      "peerDependencies": {
        "graphology-types": ">=0.20.0"
      }
    },
    "node_modules/graphology-types": {
      "version": "0.24.7",
      "resolved": "https://registry.npmjs.org/graphology-types/-/graphology-types-0.24.7.tgz",
      "integrity": "sha512-tdcqOOpwArNjEr0gNQKCXwaNCWnQJrog14nJNQPeemcLnXQUUGrsCWpWkVKt46zLjcS6/KGoayeJfHHyPDlvwA==",
      "peer": true
    },
    "node_modules/graphology-utils": {
      "version": "2.5.2",
      "resolved": "https://registry.npmjs.org/graphology-utils/-/graphology-utils-2.5.2.tgz",
      "integrity": "sha512-ckHg8MXrXJkOARk56ZaSCM1g1Wihe2d6iTmz1enGOz4W/l831MBCKSayeFQfowgF8wd+PQ4rlch/56Vs/VZLDQ==",
      "peerDependencies": {
        "graphology-types": ">=0.23.0"
      }
    },
    "node_modules/mnemonist": {
      "version": "0.39.8",
      "resolved": "https://registry.npmjs.org/mnemonist/-/mnemonist-0.39.8.tgz",
      "integrity": "sha512-vyWo2K3fjrUw8YeeZ1zF0fy6Mu59RHokURlld8ymdUPjMlD9EC9ov1/YPqTgqRvUN9nTr3Gqfz29LYAmu0PHPQ==",
      "dependencies": {
        "obliterator": "^2.0.1"
      }
    },
    "node_modules/ngraph.events": {
      "version": "1.2.2",
      "resolved": "https://registry.npmjs.org/ngraph.events/-/ngraph.events-1.2.2.tgz",
      "integrity": "sha512-JsUbEOzANskax+WSYiAPETemLWYXmixuPAlmZmhIbIj6FH/WDgEGCGnRwUQBK0GjOnVm8Ui+e5IJ+5VZ4e32eQ=="
    },
    "node_modules/ngraph.fromdot": {
      "version": "7.0.0",
      "resolved": "https://registry.npmjs.org/ngraph.fromdot/-/ngraph.fromdot-7.0.0.tgz",
      "integrity": "sha512-hFi3ZhAjBMfAVdRYLfsGryygNC5/yznbVCwyN6QJsMs+OJfXChsd3mGc8EaNdUBXbKp7lJ3rj4N2hEem+T3LvQ==",
      "dependencies": {
        "dotparser": "^1.0.0",
        "ngraph.graph": "^20.0.0"
      }
    },
    "node_modules/ngraph.graph": {
      "version": "20.0.1",
      "resolved": "https://registry.npmjs.org/ngraph.graph/-/ngraph.graph-20.0.1.tgz",
      "integrity": "sha512-VFsQ+EMkT+7lcJO1QP8Ik3w64WbHJl27Q53EO9hiFU9CRyxJ8HfcXtfWz/U8okuoYKDctbciL6pX3vG5dt1rYA==",
      "dependencies": {
        "ngraph.events": "^1.2.1"
      }
    },
    "node_modules/ngraph.pagerank": {
      "version": "2.1.1",
      "resolved": "https://registry.npmjs.org/ngraph.pagerank/-/ngraph.pagerank-2.1.1.tgz",
      "integrity": "sha512-6efFazZWqqogpnXmu+SatE9cdMY0qgb+TK/4sAL3UxZd2l26UEdgeXjK5K0JzqDKd7DO6BsOPtKY2CF0otFSfw==",
      "dependencies": {
        "ngraph.fromdot": "^7.0.0"
      },
      "bin": {
        "pagrank": "bin/pagerank.js"
      }
    },
    "node_modules/obliterator": {
      "version": "2.0.4",
      "resolved": "https://registry.npmjs.org/obliterator/-/obliterator-2.0.4.tgz",
      "integrity": "sha512-lgHwxlxV1qIg1Eap7LgIeoBWIMFibOjbrYPIPJZcI1mmGAI2m3lNYpK12Y+GBdPQ0U1hRwSord7GIaawz962qQ=="
    }
  }
}
